
Microsoft Visual Studio Solution File, Format Version 12.00
# Visual Studio 15
VisualStudioVersion = 15.0.28307.572
MinimumVisualStudioVersion = 10.0.40219.1
Project("{FAE04EC0-301F-11D3-BF4B-00C04F79EFBC}") = "VCalc1", "VCalc1\VCalc1.csproj", "{D0FDA859-AEC3-40E9-B9DA-D23A33A62C37}"
EndProject
Global
	GlobalSection(SolutionConfigurationPlatforms) = preSolution
		Debug|Any CPU = Debug|Any CPU
		Release|Any CPU = Release|Any CPU
	EndGlobalSection
	GlobalSection(ProjectConfigurationPlatforms) = postSolution
		{D0FDA859-AEC3-40E9-B9DA-D23A33A62C37}.Debug|Any CPU.ActiveCfg = Debug|Any CPU
		{D0FDA859-AEC3-40E9-B9DA-D23A33A62C37}.Debug|Any CPU.Build.0 = Debug|Any CPU
		{D0FDA859-AEC3-40E9-B9DA-D23A33A62C37}.Release|Any CPU.ActiveCfg = Release|Any CPU
		{D0FDA859-AEC3-40E9-B9DA-D23A33A62C37}.Release|Any CPU.Build.0 = Release|Any CPU
	EndGlobalSection
	GlobalSection(SolutionProperties) = preSolution
		HideSolutionNode = FALSE
	EndGlobalSection
	GlobalSection(ExtensibilityGlobals) = postSolution
		SolutionGuid = {D0008CD8-AC7C-4735-AD45-0E2E211D1A94}
	EndGlobalSection
EndGlobal
